
Microsoft Visual Studio Solution File, Format Version 12.00
# Visual Studio Version 17
VisualStudioVersion = 17.0.31903.59
MinimumVisualStudioVersion = 10.0.40219.1
Project("{FAE04EC0-301F-11D3-BF4B-00C04F79EFBC}") = "Web", "Web\Web.csproj", "{2744C32F-A28E-4EC5-9341-9459CF4190CD}"
EndProject
Project("{FAE04EC0-301F-11D3-BF4B-00C04F79EFBC}") = "Api", "Api\Api.csproj", "{99B7510B-0270-4B84-AC02-E027FBF1D9F0}"
EndProject
Global
	GlobalSection(SolutionConfigurationPlatforms) = preSolution
		Debug|Any CPU = Debug|Any CPU
		Release|Any CPU = Release|Any CPU
	EndGlobalSection
	GlobalSection(SolutionProperties) = preSolution
		HideSolutionNode = FALSE
	EndGlobalSection
	GlobalSection(ProjectConfigurationPlatforms) = postSolution
		{2744C32F-A28E-4EC5-9341-9459CF4190CD}.Debug|Any CPU.ActiveCfg = Debug|Any CPU
		{2744C32F-A28E-4EC5-9341-9459CF4190CD}.Debug|Any CPU.Build.0 = Debug|Any CPU
		{2744C32F-A28E-4EC5-9341-9459CF4190CD}.Release|Any CPU.ActiveCfg = Release|Any CPU
		{2744C32F-A28E-4EC5-9341-9459CF4190CD}.Release|Any CPU.Build.0 = Release|Any CPU
		{99B7510B-0270-4B84-AC02-E027FBF1D9F0}.Debug|Any CPU.ActiveCfg = Debug|Any CPU
		{99B7510B-0270-4B84-AC02-E027FBF1D9F0}.Debug|Any CPU.Build.0 = Debug|Any CPU
		{99B7510B-0270-4B84-AC02-E027FBF1D9F0}.Release|Any CPU.ActiveCfg = Release|Any CPU
		{99B7510B-0270-4B84-AC02-E027FBF1D9F0}.Release|Any CPU.Build.0 = Release|Any CPU
	EndGlobalSection
EndGlobal
